
Microsoft Visual Studio Solution File, Format Version 12.00
# Visual Studio Version 17
VisualStudioVersion = 17.7.34202.233
MinimumVisualStudioVersion = 10.0.40219.1
Project("{9A19103F-16F7-4668-BE54-9A1E7A4F7556}") = "Pastel", "src\Pastel.csproj", "{F4D3ACAA-148C-42EB-B82A-DAA710D8F532}"
EndProject
Project("{9A19103F-16F7-4668-BE54-9A1E7A4F7556}") = "Pastel.Tests", "tests\Pastel.Tests\Pastel.Tests.csproj", "{3ED5EFFF-2C4B-4D83-87B3-8AC08943CA68}"
EndProject
Project("{FAE04EC0-301F-11D3-BF4B-00C04F79EFBC}") = "Pastel.ExtensionsGenerator", "Pastel.ExtensionsGenerator\Pastel.ExtensionsGenerator.csproj", "{38D27B01-B6F6-466A-9E36-CAA35DB396A1}"
EndProject
Global
	GlobalSection(SolutionConfigurationPlatforms) = preSolution
		Debug|Any CPU = Debug|Any CPU
		Release|Any CPU = Release|Any CPU
	EndGlobalSection
	GlobalSection(ProjectConfigurationPlatforms) = postSolution
		{F4D3ACAA-148C-42EB-B82A-DAA710D8F532}.Debug|Any CPU.ActiveCfg = Debug|Any CPU
		{F4D3ACAA-148C-42EB-B82A-DAA710D8F532}.Debug|Any CPU.Build.0 = Debug|Any CPU
		{F4D3ACAA-148C-42EB-B82A-DAA710D8F532}.Release|Any CPU.ActiveCfg = Release|Any CPU
		{F4D3ACAA-148C-42EB-B82A-DAA710D8F532}.Release|Any CPU.Build.0 = Release|Any CPU
		{3ED5EFFF-2C4B-4D83-87B3-8AC08943CA68}.Debug|Any CPU.ActiveCfg = Debug|Any CPU
		{3ED5EFFF-2C4B-4D83-87B3-8AC08943CA68}.Debug|Any CPU.Build.0 = Debug|Any CPU
		{3ED5EFFF-2C4B-4D83-87B3-8AC08943CA68}.Release|Any CPU.ActiveCfg = Release|Any CPU
		{3ED5EFFF-2C4B-4D83-87B3-8AC08943CA68}.Release|Any CPU.Build.0 = Release|Any CPU
		{38D27B01-B6F6-466A-9E36-CAA35DB396A1}.Debug|Any CPU.ActiveCfg = Debug|Any CPU
		{38D27B01-B6F6-466A-9E36-CAA35DB396A1}.Debug|Any CPU.Build.0 = Debug|Any CPU
		{38D27B01-B6F6-466A-9E36-CAA35DB396A1}.Release|Any CPU.ActiveCfg = Release|Any CPU
		{38D27B01-B6F6-466A-9E36-CAA35DB396A1}.Release|Any CPU.Build.0 = Release|Any CPU
	EndGlobalSection
	GlobalSection(SolutionProperties) = preSolution
		HideSolutionNode = FALSE
	EndGlobalSection
	GlobalSection(ExtensibilityGlobals) = postSolution
		SolutionGuid = {87F1EB21-3963-4215-AF7E-155EC2082B27}
	EndGlobalSection
EndGlobal
